
Microsoft Visual Studio Solution File, Format Version 12.00
# Visual Studio Version 16
VisualStudioVersion = 16.0.29905.134
MinimumVisualStudioVersion = 10.0.40219.1
Project("{8BC9CEB8-8B4A-11D0-8D11-00A0C91BC942}") = "Polymorphism", "Polymorphism\Polymorphism.vcxproj", "{AAE8BF7D-C5FA-4556-B5C3-556C443B0C83}"
EndProject
Global
	GlobalSection(SolutionConfigurationPlatforms) = preSolution
		Debug|x64 = Debug|x64
		Debug|x86 = Debug|x86
		Release|x64 = Release|x64
		Release|x86 = Release|x86
	EndGlobalSection
	GlobalSection(ProjectConfigurationPlatforms) = postSolution
		{AAE8BF7D-C5FA-4556-B5C3-556C443B0C83}.Debug|x64.ActiveCfg = Debug|x64
		{AAE8BF7D-C5FA-4556-B5C3-556C443B0C83}.Debug|x64.Build.0 = Debug|x64
		{AAE8BF7D-C5FA-4556-B5C3-556C443B0C83}.Debug|x86.ActiveCfg = Debug|Win32
		{AAE8BF7D-C5FA-4556-B5C3-556C443B0C83}.Debug|x86.Build.0 = Debug|Win32
		{AAE8BF7D-C5FA-4556-B5C3-556C443B0C83}.Release|x64.ActiveCfg = Release|x64
		{AAE8BF7D-C5FA-4556-B5C3-556C443B0C83}.Release|x64.Build.0 = Release|x64
		{AAE8BF7D-C5FA-4556-B5C3-556C443B0C83}.Release|x86.ActiveCfg = Release|Win32
		{AAE8BF7D-C5FA-4556-B5C3-556C443B0C83}.Release|x86.Build.0 = Release|Win32
	EndGlobalSection
	GlobalSection(SolutionProperties) = preSolution
		HideSolutionNode = FALSE
	EndGlobalSection
	GlobalSection(ExtensibilityGlobals) = postSolution
		SolutionGuid = {B94CC765-9DCE-47E8-A07D-6DD6952C5706}
	EndGlobalSection
EndGlobal
